// !$*UTF8*$!
{
	archiveVersion = 1;
	classes = {
	};
	objectVersion = 50;
	objects = {

/* Begin PBXBuildFile section */
		227125790E1A1EB39531DFC9 /* Pods_SimpsonsCharacterViewer.framework in Frameworks */ = {isa = PBXBuildFile; fileRef = 71F609F3B06BE7B8D5973A3C /* Pods_SimpsonsCharacterViewer.framework */; };
		6105A0B56EDEFB92F5A4A2FA /* Pods_SimpsonsCharacterViewerTests.framework in Frameworks */ = {isa = PBXBuildFile; fileRef = 664477DE99F4412820FD7C0A /* Pods_SimpsonsCharacterViewerTests.framework */; };
		6A133D020691ABC989D3FC5F /* Pods_WireCharacterViewer.framework in Frameworks */ = {isa = PBXBuildFile; fileRef = F164D5EC0A83ABEBF15F586E /* Pods_WireCharacterViewer.framework */; };
		93DE9BB8D9FB34753C286ECB /* Pods_SimpsonsCharacterViewerUITests.framework in Frameworks */ = {isa = PBXBuildFile; fileRef = 21BA0735B8C9079516E66194 /* Pods_SimpsonsCharacterViewerUITests.framework */; };
		FC62417C224F1CB3005B65EA /* AppDelegate.swift in Sources */ = {isa = PBXBuildFile; fileRef = FC62417B224F1CB3005B65EA /* AppDelegate.swift */; };
		FC62417E224F1CB3005B65EA /* MasterViewController.swift in Sources */ = {isa = PBXBuildFile; fileRef = FC62417D224F1CB3005B65EA /* MasterViewController.swift */; };
		FC624180224F1CB3005B65EA /* DetailViewController.swift in Sources */ = {isa = PBXBuildFile; fileRef = FC62417F224F1CB3005B65EA /* DetailViewController.swift */; };
		FC624183224F1CB3005B65EA /* Main.storyboard in Resources */ = {isa = PBXBuildFile; fileRef = FC624181224F1CB3005B65EA /* Main.storyboard */; };
		FC624185224F1CB6005B65EA /* Assets.xcassets in Resources */ = {isa = PBXBuildFile; fileRef = FC624184224F1CB6005B65EA /* Assets.xcassets */; };
		FC624188224F1CB6005B65EA /* LaunchScreen.storyboard in Resources */ = {isa = PBXBuildFile; fileRef = FC624186224F1CB6005B65EA /* LaunchScreen.storyboard */; };
		FC624193224F1CB6005B65EA /* SimpsonsCharacterViewerTests.swift in Sources */ = {isa = PBXBuildFile; fileRef = FC624192224F1CB6005B65EA /* SimpsonsCharacterViewerTests.swift */; };
		FC62419E224F1CB6005B65EA /* SimpsonsCharacterViewerUITests.swift in Sources */ = {isa = PBXBuildFile; fileRef = FC62419D224F1CB6005B65EA /* SimpsonsCharacterViewerUITests.swift */; };
		FC6241B1224F1DDE005B65EA /* APIHandler.swift in Sources */ = {isa = PBXBuildFile; fileRef = FC6241B0224F1DDE005B65EA /* APIHandler.swift */; };
		FC6241B4224F1F03005B65EA /* SimpsonsConfiguration.swift in Sources */ = {isa = PBXBuildFile; fileRef = FC6241B3224F1F03005B65EA /* SimpsonsConfiguration.swift */; };
		FC6241BC224F227F005B65EA /* User.swift in Sources */ = {isa = PBXBuildFile; fileRef = FC6241BB224F227F005B65EA /* User.swift */; };
		FC6241C0224F254E005B65EA /* UserViewModel.swift in Sources */ = {isa = PBXBuildFile; fileRef = FC6241BF224F254E005B65EA /* UserViewModel.swift */; };
		FC6241C2224F364F005B65EA /* UserCollectionViewCell.swift in Sources */ = {isa = PBXBuildFile; fileRef = FC6241C1224F364F005B65EA /* UserCollectionViewCell.swift */; };
		FC86D321225124A100CD9E51 /* CollectionViewDelegateHandler.swift in Sources */ = {isa = PBXBuildFile; fileRef = FC86D320225124A100CD9E51 /* CollectionViewDelegateHandler.swift */; };
		FC86D3232251266600CD9E51 /* CollectionViewDataSourceHandler.swift in Sources */ = {isa = PBXBuildFile; fileRef = FC86D3222251266600CD9E51 /* CollectionViewDataSourceHandler.swift */; };
		FC86D3242251266600CD9E51 /* CollectionViewDataSourceHandler.swift in Sources */ = {isa = PBXBuildFile; fileRef = FC86D3222251266600CD9E51 /* CollectionViewDataSourceHandler.swift */; };
		FC86D3282251334100CD9E51 /* CollectionViewDelegateHandler.swift in Sources */ = {isa = PBXBuildFile; fileRef = FC86D320225124A100CD9E51 /* CollectionViewDelegateHandler.swift */; };
		FC86D32F2252842300CD9E51 /* WireCharacterViewer-Info.plist in Resources */ = {isa = PBXBuildFile; fileRef = FC86D32E2252842300CD9E51 /* WireCharacterViewer-Info.plist */; };
		FC86D3312253BA3000CD9E51 /* Root.swift in Sources */ = {isa = PBXBuildFile; fileRef = FC86D3302253BA3000CD9E51 /* Root.swift */; };
		FC86D3382253C38E00CD9E51 /* NOTES.rtf in Resources */ = {isa = PBXBuildFile; fileRef = FC86D3372253C38D00CD9E51 /* NOTES.rtf */; };
		FC86D3392253C38E00CD9E51 /* NOTES.rtf in Resources */ = {isa = PBXBuildFile; fileRef = FC86D3372253C38D00CD9E51 /* NOTES.rtf */; };
		FC9EBFDA224FADBC005BFD29 /* User.swift in Sources */ = {isa = PBXBuildFile; fileRef = FC6241BB224F227F005B65EA /* User.swift */; };
		FC9EBFDB224FADBC005BFD29 /* DetailViewController.swift in Sources */ = {isa = PBXBuildFile; fileRef = FC62417F224F1CB3005B65EA /* DetailViewController.swift */; };
		FC9EBFDC224FADBC005BFD29 /* UserViewModel.swift in Sources */ = {isa = PBXBuildFile; fileRef = FC6241BF224F254E005B65EA /* UserViewModel.swift */; };
		FC9EBFDD224FADBC005BFD29 /* WireConfiguration.swift in Sources */ = {isa = PBXBuildFile; fileRef = FC6241B5224F1F19005B65EA /* WireConfiguration.swift */; };
		FC9EBFDF224FADBC005BFD29 /* UserCollectionViewCell.swift in Sources */ = {isa = PBXBuildFile; fileRef = FC6241C1224F364F005B65EA /* UserCollectionViewCell.swift */; };
		FC9EBFE0224FADBC005BFD29 /* APIHandler.swift in Sources */ = {isa = PBXBuildFile; fileRef = FC6241B0224F1DDE005B65EA /* APIHandler.swift */; };
		FC9EBFE1224FADBC005BFD29 /* MasterViewController.swift in Sources */ = {isa = PBXBuildFile; fileRef = FC62417D224F1CB3005B65EA /* MasterViewController.swift */; };
		FC9EBFE2224FADBC005BFD29 /* AppDelegate.swift in Sources */ = {isa = PBXBuildFile; fileRef = FC62417B224F1CB3005B65EA /* AppDelegate.swift */; };
		FC9EBFE9224FADBC005BFD29 /* Main.storyboard in Resources */ = {isa = PBXBuildFile; fileRef = FC624181224F1CB3005B65EA /* Main.storyboard */; };
		FC9EBFF5225072D4005BFD29 /* Assets.xcassets in Resources */ = {isa = PBXBuildFile; fileRef = FC9EBFF4225072D0005BFD29 /* Assets.xcassets */; };
		FC9EBFF6225072E9005BFD29 /* LaunchScreen.storyboard in Resources */ = {isa = PBXBuildFile; fileRef = FC9EBFF2225072CD005BFD29 /* LaunchScreen.storyboard */; };
/* End PBXBuildFile section */

/* Begin PBXContainerItemProxy section */
		FC62418F224F1CB6005B65EA /* PBXContainerItemProxy */ = {
			isa = PBXContainerItemProxy;
			containerPortal = FC624170224F1CB3005B65EA /* Project object */;
			proxyType = 1;
			remoteGlobalIDString = FC624177224F1CB3005B65EA;
			remoteInfo = SimpsonsCharacterViewer;
		};
		FC62419A224F1CB6005B65EA /* PBXContainerItemProxy */ = {
			isa = PBXContainerItemProxy;
			containerPortal = FC624170224F1CB3005B65EA /* Project object */;
			proxyType = 1;
			remoteGlobalIDString = FC624177224F1CB3005B65EA;
			remoteInfo = SimpsonsCharacterViewer;
		};
/* End PBXContainerItemProxy section */

/* Begin PBXFileReference section */
		04F5AB460895A3CE2A767A82 /* Pods-WireCharacterViewer.debug.xcconfig */ = {isa = PBXFileReference; includeInIndex = 1; lastKnownFileType = text.xcconfig; name = "Pods-WireCharacterViewer.debug.xcconfig"; path = "Pods/Target Support Files/Pods-WireCharacterViewer/Pods-WireCharacterViewer.debug.xcconfig"; sourceTree = "<group>"; };
		21BA0735B8C9079516E66194 /* Pods_SimpsonsCharacterViewerUITests.framework */ = {isa = PBXFileReference; explicitFileType = wrapper.framework; includeInIndex = 0; path = Pods_SimpsonsCharacterViewerUITests.framework; sourceTree = BUILT_PRODUCTS_DIR; };
		44EFC01552AC4287F27A1700 /* Pods-SimpsonsCharacterViewerTests.debug.xcconfig */ = {isa = PBXFileReference; includeInIndex = 1; lastKnownFileType = text.xcconfig; name = "Pods-SimpsonsCharacterViewerTests.debug.xcconfig"; path = "Pods/Target Support Files/Pods-SimpsonsCharacterViewerTests/Pods-SimpsonsCharacterViewerTests.debug.xcconfig"; sourceTree = "<group>"; };
		4C58B4CF69960DA74B7F7950 /* Pods-SimpsonsCharacterViewerUITests.debug.xcconfig */ = {isa = PBXFileReference; includeInIndex = 1; lastKnownFileType = text.xcconfig; name = "Pods-SimpsonsCharacterViewerUITests.debug.xcconfig"; path = "Pods/Target Support Files/Pods-SimpsonsCharacterViewerUITests/Pods-SimpsonsCharacterViewerUITests.debug.xcconfig"; sourceTree = "<group>"; };
		664477DE99F4412820FD7C0A /* Pods_SimpsonsCharacterViewerTests.framework */ = {isa = PBXFileReference; explicitFileType = wrapper.framework; includeInIndex = 0; path = Pods_SimpsonsCharacterViewerTests.framework; sourceTree = BUILT_PRODUCTS_DIR; };
		71F609F3B06BE7B8D5973A3C /* Pods_SimpsonsCharacterViewer.framework */ = {isa = PBXFileReference; explicitFileType = wrapper.framework; includeInIndex = 0; path = Pods_SimpsonsCharacterViewer.framework; sourceTree = BUILT_PRODUCTS_DIR; };
		7E9CAFE3DE779DE1BC62B092 /* Pods-SimpsonsCharacterViewer.release.xcconfig */ = {isa = PBXFileReference; includeInIndex = 1; lastKnownFileType = text.xcconfig; name = "Pods-SimpsonsCharacterViewer.release.xcconfig"; path = "Pods/Target Support Files/Pods-SimpsonsCharacterViewer/Pods-SimpsonsCharacterViewer.release.xcconfig"; sourceTree = "<group>"; };
		AC1F425A5D96F1F3A53E961E /* Pods-SimpsonsCharacterViewerTests.release.xcconfig */ = {isa = PBXFileReference; includeInIndex = 1; lastKnownFileType = text.xcconfig; name = "Pods-SimpsonsCharacterViewerTests.release.xcconfig"; path = "Pods/Target Support Files/Pods-SimpsonsCharacterViewerTests/Pods-SimpsonsCharacterViewerTests.release.xcconfig"; sourceTree = "<group>"; };
		B186F8E27A20F9DFEFAB1160 /* Pods-SimpsonsCharacterViewerUITests.release.xcconfig */ = {isa = PBXFileReference; includeInIndex = 1; lastKnownFileType = text.xcconfig; name = "Pods-SimpsonsCharacterViewerUITests.release.xcconfig"; path = "Pods/Target Support Files/Pods-SimpsonsCharacterViewerUITests/Pods-SimpsonsCharacterViewerUITests.release.xcconfig"; sourceTree = "<group>"; };
		BDE17B81CD451B563BA44EF4 /* Pods-WireCharacterViewer.release.xcconfig */ = {isa = PBXFileReference; includeInIndex = 1; lastKnownFileType = text.xcconfig; name = "Pods-WireCharacterViewer.release.xcconfig"; path = "Pods/Target Support Files/Pods-WireCharacterViewer/Pods-WireCharacterViewer.release.xcconfig"; sourceTree = "<group>"; };
		D05FFA748729A74043EA46E9 /* Pods-SimpsonsCharacterViewer.debug.xcconfig */ = {isa = PBXFileReference; includeInIndex = 1; lastKnownFileType = text.xcconfig; name = "Pods-SimpsonsCharacterViewer.debug.xcconfig"; path = "Pods/Target Support Files/Pods-SimpsonsCharacterViewer/Pods-SimpsonsCharacterViewer.debug.xcconfig"; sourceTree = "<group>"; };
		F164D5EC0A83ABEBF15F586E /* Pods_WireCharacterViewer.framework */ = {isa = PBXFileReference; explicitFileType = wrapper.framework; includeInIndex = 0; path = Pods_WireCharacterViewer.framework; sourceTree = BUILT_PRODUCTS_DIR; };
		FC624178224F1CB3005B65EA /* SimpsonsCharacterViewer.app */ = {isa = PBXFileReference; explicitFileType = wrapper.application; includeInIndex = 0; path = SimpsonsCharacterViewer.app; sourceTree = BUILT_PRODUCTS_DIR; };
		FC62417B224F1CB3005B65EA /* AppDelegate.swift */ = {isa = PBXFileReference; lastKnownFileType = sourcecode.swift; path = AppDelegate.swift; sourceTree = "<group>"; };
		FC62417D224F1CB3005B65EA /* MasterViewController.swift */ = {isa = PBXFileReference; lastKnownFileType = sourcecode.swift; path = MasterViewController.swift; sourceTree = "<group>"; };
		FC62417F224F1CB3005B65EA /* DetailViewController.swift */ = {isa = PBXFileReference; lastKnownFileType = sourcecode.swift; path = DetailViewController.swift; sourceTree = "<group>"; };
		FC624182224F1CB3005B65EA /* Base */ = {isa = PBXFileReference; lastKnownFileType = file.storyboard; name = Base; path = Base.lproj/Main.storyboard; sourceTree = "<group>"; };
		FC624184224F1CB6005B65EA /* Assets.xcassets */ = {isa = PBXFileReference; lastKnownFileType = folder.assetcatalog; path = Assets.xcassets; sourceTree = "<group>"; };
		FC624187224F1CB6005B65EA /* Base */ = {isa = PBXFileReference; lastKnownFileType = file.storyboard; name = Base; path = Base.lproj/LaunchScreen.storyboard; sourceTree = "<group>"; };
		FC624189224F1CB6005B65EA /* SimpsonsCharacterViewer-Info.plist */ = {isa = PBXFileReference; lastKnownFileType = text.plist.xml; path = "SimpsonsCharacterViewer-Info.plist"; sourceTree = "<group>"; };
		FC62418E224F1CB6005B65EA /* SimpsonsCharacterViewerTests.xctest */ = {isa = PBXFileReference; explicitFileType = wrapper.cfbundle; includeInIndex = 0; path = SimpsonsCharacterViewerTests.xctest; sourceTree = BUILT_PRODUCTS_DIR; };
		FC624192224F1CB6005B65EA /* SimpsonsCharacterViewerTests.swift */ = {isa = PBXFileReference; lastKnownFileType = sourcecode.swift; path = SimpsonsCharacterViewerTests.swift; sourceTree = "<group>"; };
		FC624194224F1CB6005B65EA /* Info.plist */ = {isa = PBXFileReference; lastKnownFileType = text.plist.xml; path = Info.plist; sourceTree = "<group>"; };
		FC624199224F1CB6005B65EA /* SimpsonsCharacterViewerUITests.xctest */ = {isa = PBXFileReference; explicitFileType = wrapper.cfbundle; includeInIndex = 0; path = SimpsonsCharacterViewerUITests.xctest; sourceTree = BUILT_PRODUCTS_DIR; };
		FC62419D224F1CB6005B65EA /* SimpsonsCharacterViewerUITests.swift */ = {isa = PBXFileReference; lastKnownFileType = sourcecode.swift; path = SimpsonsCharacterViewerUITests.swift; sourceTree = "<group>"; };
		FC62419F224F1CB6005B65EA /* Info.plist */ = {isa = PBXFileReference; lastKnownFileType = text.plist.xml; path = Info.plist; sourceTree = "<group>"; };
		FC6241B0224F1DDE005B65EA /* APIHandler.swift */ = {isa = PBXFileReference; lastKnownFileType = sourcecode.swift; path = APIHandler.swift; sourceTree = "<group>"; };
		FC6241B3224F1F03005B65EA /* SimpsonsConfiguration.swift */ = {isa = PBXFileReference; lastKnownFileType = sourcecode.swift; path = SimpsonsConfiguration.swift; sourceTree = "<group>"; };
		FC6241B5224F1F19005B65EA /* WireConfiguration.swift */ = {isa = PBXFileReference; lastKnownFileType = sourcecode.swift; path = WireConfiguration.swift; sourceTree = "<group>"; };
		FC6241BB224F227F005B65EA /* User.swift */ = {isa = PBXFileReference; lastKnownFileType = sourcecode.swift; path = User.swift; sourceTree = "<group>"; };
		FC6241BF224F254E005B65EA /* UserViewModel.swift */ = {isa = PBXFileReference; lastKnownFileType = sourcecode.swift; path = UserViewModel.swift; sourceTree = "<group>"; };
		FC6241C1224F364F005B65EA /* UserCollectionViewCell.swift */ = {isa = PBXFileReference; lastKnownFileType = sourcecode.swift; path = UserCollectionViewCell.swift; sourceTree = "<group>"; };
		FC86D320225124A100CD9E51 /* CollectionViewDelegateHandler.swift */ = {isa = PBXFileReference; lastKnownFileType = sourcecode.swift; path = CollectionViewDelegateHandler.swift; sourceTree = "<group>"; };
		FC86D3222251266600CD9E51 /* CollectionViewDataSourceHandler.swift */ = {isa = PBXFileReference; lastKnownFileType = sourcecode.swift; path = CollectionViewDataSourceHandler.swift; sourceTree = "<group>"; };
		FC86D32E2252842300CD9E51 /* WireCharacterViewer-Info.plist */ = {isa = PBXFileReference; fileEncoding = 4; lastKnownFileType = text.plist.xml; path = "WireCharacterViewer-Info.plist"; sourceTree = "<group>"; };
		FC86D3302253BA3000CD9E51 /* Root.swift */ = {isa = PBXFileReference; lastKnownFileType = sourcecode.swift; path = Root.swift; sourceTree = "<group>"; };
		FC86D3372253C38D00CD9E51 /* NOTES.rtf */ = {isa = PBXFileReference; fileEncoding = 4; lastKnownFileType = text.rtf; path = NOTES.rtf; sourceTree = "<group>"; };
		FC9EBFEE224FADBC005BFD29 /* WireCharacterViewer.app */ = {isa = PBXFileReference; explicitFileType = wrapper.application; includeInIndex = 0; path = WireCharacterViewer.app; sourceTree = BUILT_PRODUCTS_DIR; };
		FC9EBFF3225072CD005BFD29 /* Base */ = {isa = PBXFileReference; lastKnownFileType = file.storyboard; name = Base; path = Base.lproj/LaunchScreen.storyboard; sourceTree = "<group>"; };
		FC9EBFF4225072D0005BFD29 /* Assets.xcassets */ = {isa = PBXFileReference; lastKnownFileType = folder.assetcatalog; path = Assets.xcassets; sourceTree = "<group>"; };
/* End PBXFileReference section */

/* Begin PBXFrameworksBuildPhase section */
		FC624175224F1CB3005B65EA /* Frameworks */ = {
			isa = PBXFrameworksBuildPhase;
			buildActionMask = 2147483647;
			files = (
				227125790E1A1EB39531DFC9 /* Pods_SimpsonsCharacterViewer.framework in Frameworks */,
			);
			runOnlyForDeploymentPostprocessing = 0;
		};
		FC62418B224F1CB6005B65EA /* Frameworks */ = {
			isa = PBXFrameworksBuildPhase;
			buildActionMask = 2147483647;
			files = (
				6105A0B56EDEFB92F5A4A2FA /* Pods_SimpsonsCharacterViewerTests.framework in Frameworks */,
			);
			runOnlyForDeploymentPostprocessing = 0;
		};
		FC624196224F1CB6005B65EA /* Frameworks */ = {
			isa = PBXFrameworksBuildPhase;
			buildActionMask = 2147483647;
			files = (
				93DE9BB8D9FB34753C286ECB /* Pods_SimpsonsCharacterViewerUITests.framework in Frameworks */,
			);
			runOnlyForDeploymentPostprocessing = 0;
		};
		FC9EBFE4224FADBC005BFD29 /* Frameworks */ = {
			isa = PBXFrameworksBuildPhase;
			buildActionMask = 2147483647;
			files = (
				6A133D020691ABC989D3FC5F /* Pods_WireCharacterViewer.framework in Frameworks */,
			);
			runOnlyForDeploymentPostprocessing = 0;
		};
/* End PBXFrameworksBuildPhase section */

/* Begin PBXGroup section */
		74992BA8DA15A3F1F18F35C3 /* Frameworks */ = {
			isa = PBXGroup;
			children = (
				71F609F3B06BE7B8D5973A3C /* Pods_SimpsonsCharacterViewer.framework */,
				664477DE99F4412820FD7C0A /* Pods_SimpsonsCharacterViewerTests.framework */,
				21BA0735B8C9079516E66194 /* Pods_SimpsonsCharacterViewerUITests.framework */,
				F164D5EC0A83ABEBF15F586E /* Pods_WireCharacterViewer.framework */,
			);
			name = Frameworks;
			sourceTree = "<group>";
		};
		7FDD89B8B35CF13A2ABEE85A /* Pods */ = {
			isa = PBXGroup;
			children = (
				D05FFA748729A74043EA46E9 /* Pods-SimpsonsCharacterViewer.debug.xcconfig */,
				7E9CAFE3DE779DE1BC62B092 /* Pods-SimpsonsCharacterViewer.release.xcconfig */,
				44EFC01552AC4287F27A1700 /* Pods-SimpsonsCharacterViewerTests.debug.xcconfig */,
				AC1F425A5D96F1F3A53E961E /* Pods-SimpsonsCharacterViewerTests.release.xcconfig */,
				4C58B4CF69960DA74B7F7950 /* Pods-SimpsonsCharacterViewerUITests.debug.xcconfig */,
				B186F8E27A20F9DFEFAB1160 /* Pods-SimpsonsCharacterViewerUITests.release.xcconfig */,
				04F5AB460895A3CE2A767A82 /* Pods-WireCharacterViewer.debug.xcconfig */,
				BDE17B81CD451B563BA44EF4 /* Pods-WireCharacterViewer.release.xcconfig */,
			);
			name = Pods;
			sourceTree = "<group>";
		};
		FC62416F224F1CB3005B65EA = {
			isa = PBXGroup;
			children = (
				FC86D3372253C38D00CD9E51 /* NOTES.rtf */,
				FC62417A224F1CB3005B65EA /* SimpsonsCharacterViewer */,
				FC624191224F1CB6005B65EA /* SimpsonsCharacterViewerTests */,
				FC62419C224F1CB6005B65EA /* SimpsonsCharacterViewerUITests */,
				FC624179224F1CB3005B65EA /* Products */,
				7FDD89B8B35CF13A2ABEE85A /* Pods */,
				74992BA8DA15A3F1F18F35C3 /* Frameworks */,
			);
			sourceTree = "<group>";
		};
		FC624179224F1CB3005B65EA /* Products */ = {
			isa = PBXGroup;
			children = (
				FC624178224F1CB3005B65EA /* SimpsonsCharacterViewer.app */,
				FC62418E224F1CB6005B65EA /* SimpsonsCharacterViewerTests.xctest */,
				FC624199224F1CB6005B65EA /* SimpsonsCharacterViewerUITests.xctest */,
				FC9EBFEE224FADBC005BFD29 /* WireCharacterViewer.app */,
			);
			name = Products;
			sourceTree = "<group>";
		};
		FC62417A224F1CB3005B65EA /* SimpsonsCharacterViewer */ = {
			isa = PBXGroup;
			children = (
				FC6241AB224F1D11005B65EA /* AppDelegate */,
				FC86D3322253BA6300CD9E51 /* MVVM */,
				FC9EBFF1224FB275005BFD29 /* SimpsonsConfiguration */,
				FC6241B2224F1EC0005B65EA /* WireConfiguration */,
				FC6241AC224F1D1D005B65EA /* CustomCell */,
				FC86D31F2251247100CD9E51 /* CollectionViewDelegateDataSourceHanlder */,
				FC6241AF224F1DAF005B65EA /* WebService */,
				FC86D3332253BB1F00CD9E51 /* Storyboard */,
				FC86D32922513A8500CD9E51 /* SupportingFiles */,
			);
			path = SimpsonsCharacterViewer;
			sourceTree = "<group>";
		};
		FC624191224F1CB6005B65EA /* SimpsonsCharacterViewerTests */ = {
			isa = PBXGroup;
			children = (
				FC624192224F1CB6005B65EA /* SimpsonsCharacterViewerTests.swift */,
				FC624194224F1CB6005B65EA /* Info.plist */,
			);
			path = SimpsonsCharacterViewerTests;
			sourceTree = "<group>";
		};
		FC62419C224F1CB6005B65EA /* SimpsonsCharacterViewerUITests */ = {
			isa = PBXGroup;
			children = (
				FC62419D224F1CB6005B65EA /* SimpsonsCharacterViewerUITests.swift */,
				FC62419F224F1CB6005B65EA /* Info.plist */,
			);
			path = SimpsonsCharacterViewerUITests;
			sourceTree = "<group>";
		};
		FC6241AB224F1D11005B65EA /* AppDelegate */ = {
			isa = PBXGroup;
			children = (
				FC62417B224F1CB3005B65EA /* AppDelegate.swift */,
			);
			path = AppDelegate;
			sourceTree = "<group>";
		};
		FC6241AC224F1D1D005B65EA /* CustomCell */ = {
			isa = PBXGroup;
			children = (
				FC6241C1224F364F005B65EA /* UserCollectionViewCell.swift */,
			);
			path = CustomCell;
			sourceTree = "<group>";
		};
		FC6241AF224F1DAF005B65EA /* WebService */ = {
			isa = PBXGroup;
			children = (
				FC6241B0224F1DDE005B65EA /* APIHandler.swift */,
			);
			path = WebService;
			sourceTree = "<group>";
		};
		FC6241B2224F1EC0005B65EA /* WireConfiguration */ = {
			isa = PBXGroup;
			children = (
				FC9EBFF4225072D0005BFD29 /* Assets.xcassets */,
				FC9EBFF2225072CD005BFD29 /* LaunchScreen.storyboard */,
				FC6241B5224F1F19005B65EA /* WireConfiguration.swift */,
			);
			path = WireConfiguration;
			sourceTree = "<group>";
		};
		FC6241BA224F2267005B65EA /* Model */ = {
			isa = PBXGroup;
			children = (
				FC6241BB224F227F005B65EA /* User.swift */,
				FC86D3302253BA3000CD9E51 /* Root.swift */,
			);
			path = Model;
			sourceTree = "<group>";
		};
		FC6241BD224F244E005B65EA /* ViewModel */ = {
			isa = PBXGroup;
			children = (
				FC6241BF224F254E005B65EA /* UserViewModel.swift */,
			);
			path = ViewModel;
			sourceTree = "<group>";
		};
		FC6241BE224F245A005B65EA /* View */ = {
			isa = PBXGroup;
			children = (
				FC62417D224F1CB3005B65EA /* MasterViewController.swift */,
				FC62417F224F1CB3005B65EA /* DetailViewController.swift */,
			);
			path = View;
			sourceTree = "<group>";
		};
		FC86D31F2251247100CD9E51 /* CollectionViewDelegateDataSourceHanlder */ = {
			isa = PBXGroup;
			children = (
				FC86D320225124A100CD9E51 /* CollectionViewDelegateHandler.swift */,
				FC86D3222251266600CD9E51 /* CollectionViewDataSourceHandler.swift */,
			);
			path = CollectionViewDelegateDataSourceHanlder;
			sourceTree = "<group>";
		};
		FC86D32922513A8500CD9E51 /* SupportingFiles */ = {
			isa = PBXGroup;
			children = (
				FC86D32E2252842300CD9E51 /* WireCharacterViewer-Info.plist */,
				FC624189224F1CB6005B65EA /* SimpsonsCharacterViewer-Info.plist */,
			);
			path = SupportingFiles;
			sourceTree = "<group>";
		};
		FC86D3322253BA6300CD9E51 /* MVVM */ = {
			isa = PBXGroup;
			children = (
				FC6241BD224F244E005B65EA /* ViewModel */,
				FC6241BA224F2267005B65EA /* Model */,
				FC6241BE224F245A005B65EA /* View */,
			);
			path = MVVM;
			sourceTree = "<group>";
		};
		FC86D3332253BB1F00CD9E51 /* Storyboard */ = {
			isa = PBXGroup;
			children = (
				FC624181224F1CB3005B65EA /* Main.storyboard */,
			);
			path = Storyboard;
			sourceTree = "<group>";
		};
		FC9EBFF1224FB275005BFD29 /* SimpsonsConfiguration */ = {
			isa = PBXGroup;
			children = (
				FC6241B3224F1F03005B65EA /* SimpsonsConfiguration.swift */,
				FC624184224F1CB6005B65EA /* Assets.xcassets */,
				FC624186224F1CB6005B65EA /* LaunchScreen.storyboard */,
			);
			path = SimpsonsConfiguration;
			sourceTree = "<group>";
		};
/* End PBXGroup section */

/* Begin PBXNativeTarget section */
		FC624177224F1CB3005B65EA /* SimpsonsCharacterViewer */ = {
			isa = PBXNativeTarget;
			buildConfigurationList = FC6241A2224F1CB6005B65EA /* Build configuration list for PBXNativeTarget "SimpsonsCharacterViewer" */;
			buildPhases = (
				F762FACA654235D7FA3224BC /* [CP] Check Pods Manifest.lock */,
				FC624174224F1CB3005B65EA /* Sources */,
				FC624175224F1CB3005B65EA /* Frameworks */,
				FC624176224F1CB3005B65EA /* Resources */,
				470BDC510C94D975033A5BFC /* [CP] Embed Pods Frameworks */,
			);
			buildRules = (
			);
			dependencies = (
			);
			name = SimpsonsCharacterViewer;
			productName = SimpsonsCharacterViewer;
			productReference = FC624178224F1CB3005B65EA /* SimpsonsCharacterViewer.app */;
			productType = "com.apple.product-type.application";
		};
		FC62418D224F1CB6005B65EA /* SimpsonsCharacterViewerTests */ = {
			isa = PBXNativeTarget;
			buildConfigurationList = FC6241A5224F1CB6005B65EA /* Build configuration list for PBXNativeTarget "SimpsonsCharacterViewerTests" */;
			buildPhases = (
				3B7AB6A4E0AEFBFFE99D3186 /* [CP] Check Pods Manifest.lock */,
				FC62418A224F1CB6005B65EA /* Sources */,
				FC62418B224F1CB6005B65EA /* Frameworks */,
				FC62418C224F1CB6005B65EA /* Resources */,
			);
			buildRules = (
			);
			dependencies = (
				FC624190224F1CB6005B65EA /* PBXTargetDependency */,
			);
			name = SimpsonsCharacterViewerTests;
			productName = SimpsonsCharacterViewerTests;
			productReference = FC62418E224F1CB6005B65EA /* SimpsonsCharacterViewerTests.xctest */;
			productType = "com.apple.product-type.bundle.unit-test";
		};
		FC624198224F1CB6005B65EA /* SimpsonsCharacterViewerUITests */ = {
			isa = PBXNativeTarget;
			buildConfigurationList = FC6241A8224F1CB6005B65EA /* Build configuration list for PBXNativeTarget "SimpsonsCharacterViewerUITests" */;
			buildPhases = (
				34FC1989FC83C056FE3B58FE /* [CP] Check Pods Manifest.lock */,
				FC624195224F1CB6005B65EA /* Sources */,
				FC624196224F1CB6005B65EA /* Frameworks */,
				FC624197224F1CB6005B65EA /* Resources */,
			);
			buildRules = (
			);
			dependencies = (
				FC62419B224F1CB6005B65EA /* PBXTargetDependency */,
			);
			name = SimpsonsCharacterViewerUITests;
			productName = SimpsonsCharacterViewerUITests;
			productReference = FC624199224F1CB6005B65EA /* SimpsonsCharacterViewerUITests.xctest */;
			productType = "com.apple.product-type.bundle.ui-testing";
		};
		FC9EBFD7224FADBC005BFD29 /* WireCharacterViewer */ = {
			isa = PBXNativeTarget;
			buildConfigurationList = FC9EBFEB224FADBC005BFD29 /* Build configuration list for PBXNativeTarget "WireCharacterViewer" */;
			buildPhases = (
				3764ABA9DA96B72DD836572B /* [CP] Check Pods Manifest.lock */,
				FC9EBFD9224FADBC005BFD29 /* Sources */,
				FC9EBFE4224FADBC005BFD29 /* Frameworks */,
				FC9EBFE6224FADBC005BFD29 /* Resources */,
				EB547D3D19DB61A836C57D25 /* [CP] Embed Pods Frameworks */,
			);
			buildRules = (
			);
			dependencies = (
			);
			name = WireCharacterViewer;
			productName = SimpsonsCharacterViewer;
			productReference = FC9EBFEE224FADBC005BFD29 /* WireCharacterViewer.app */;
			productType = "com.apple.product-type.application";
		};
/* End PBXNativeTarget section */

/* Begin PBXProject section */
		FC624170224F1CB3005B65EA /* Project object */ = {
			isa = PBXProject;
			attributes = {
				LastSwiftUpdateCheck = 1010;
				LastUpgradeCheck = 1010;
				ORGANIZATIONNAME = DyCom;
				TargetAttributes = {
					FC624177224F1CB3005B65EA = {
						CreatedOnToolsVersion = 10.1;
					};
					FC62418D224F1CB6005B65EA = {
						CreatedOnToolsVersion = 10.1;
						TestTargetID = FC624177224F1CB3005B65EA;
					};
					FC624198224F1CB6005B65EA = {
						CreatedOnToolsVersion = 10.1;
						TestTargetID = FC624177224F1CB3005B65EA;
					};
				};
			};
			buildConfigurationList = FC624173224F1CB3005B65EA /* Build configuration list for PBXProject "SimpsonsCharacterViewer" */;
			compatibilityVersion = "Xcode 9.3";
			developmentRegion = en;
			hasScannedForEncodings = 0;
			knownRegions = (
				en,
				Base,
			);
			mainGroup = FC62416F224F1CB3005B65EA;
			productRefGroup = FC624179224F1CB3005B65EA /* Products */;
			projectDirPath = "";
			projectRoot = "";
			targets = (
				FC624177224F1CB3005B65EA /* SimpsonsCharacterViewer */,
				FC62418D224F1CB6005B65EA /* SimpsonsCharacterViewerTests */,
				FC624198224F1CB6005B65EA /* SimpsonsCharacterViewerUITests */,
				FC9EBFD7224FADBC005BFD29 /* WireCharacterViewer */,
			);
		};
/* End PBXProject section */

/* Begin PBXResourcesBuildPhase section */
		FC624176224F1CB3005B65EA /* Resources */ = {
			isa = PBXResourcesBuildPhase;
			buildActionMask = 2147483647;
			files = (
				FC624188224F1CB6005B65EA /* LaunchScreen.storyboard in Resources */,
				FC624185224F1CB6005B65EA /* Assets.xcassets in Resources */,
				FC624183224F1CB3005B65EA /* Main.storyboard in Resources */,
				FC86D32F2252842300CD9E51 /* WireCharacterViewer-Info.plist in Resources */,
				FC86D3382253C38E00CD9E51 /* NOTES.rtf in Resources */,
			);
			runOnlyForDeploymentPostprocessing = 0;
		};
		FC62418C224F1CB6005B65EA /* Resources */ = {
			isa = PBXResourcesBuildPhase;
			buildActionMask = 2147483647;
			files = (
			);
			runOnlyForDeploymentPostprocessing = 0;
		};
		FC624197224F1CB6005B65EA /* Resources */ = {
			isa = PBXResourcesBuildPhase;
			buildActionMask = 2147483647;
			files = (
			);
			runOnlyForDeploymentPostprocessing = 0;
		};
		FC9EBFE6224FADBC005BFD29 /* Resources */ = {
			isa = PBXResourcesBuildPhase;
			buildActionMask = 2147483647;
			files = (
				FC86D3392253C38E00CD9E51 /* NOTES.rtf in Resources */,
				FC9EBFF6225072E9005BFD29 /* LaunchScreen.storyboard in Resources */,
				FC9EBFF5225072D4005BFD29 /* Assets.xcassets in Resources */,
				FC9EBFE9224FADBC005BFD29 /* Main.storyboard in Resources */,
			);
			runOnlyForDeploymentPostprocessing = 0;
		};
/* End PBXResourcesBuildPhase section */

/* Begin PBXShellScriptBuildPhase section */
		34FC1989FC83C056FE3B58FE /* [CP] Check Pods Manifest.lock */ = {
			isa = PBXShellScriptBuildPhase;
			buildActionMask = 2147483647;
			files = (
			);
			inputFileListPaths = (
			);
			inputPaths = (
				"${PODS_PODFILE_DIR_PATH}/Podfile.lock",
				"${PODS_ROOT}/Manifest.lock",
			);
			name = "[CP] Check Pods Manifest.lock";
			outputFileListPaths = (
			);
			outputPaths = (
				"$(DERIVED_FILE_DIR)/Pods-SimpsonsCharacterViewerUITests-checkManifestLockResult.txt",
			);
			runOnlyForDeploymentPostprocessing = 0;
			shellPath = /bin/sh;
			shellScript = "diff \"${PODS_PODFILE_DIR_PATH}/Podfile.lock\" \"${PODS_ROOT}/Manifest.lock\" > /dev/null\nif [ $? != 0 ] ; then\n    # print error to STDERR\n    echo \"error: The sandbox is not in sync with the Podfile.lock. Run 'pod install' or update your CocoaPods installation.\" >&2\n    exit 1\nfi\n# This output is used by Xcode 'outputs' to avoid re-running this script phase.\necho \"SUCCESS\" > \"${SCRIPT_OUTPUT_FILE_0}\"\n";
			showEnvVarsInLog = 0;
		};
		3764ABA9DA96B72DD836572B /* [CP] Check Pods Manifest.lock */ = {
			isa = PBXShellScriptBuildPhase;
			buildActionMask = 2147483647;
			files = (
			);
			inputFileListPaths = (
			);
			inputPaths = (
				"${PODS_PODFILE_DIR_PATH}/Podfile.lock",
				"${PODS_ROOT}/Manifest.lock",
			);
			name = "[CP] Check Pods Manifest.lock";
			outputFileListPaths = (
			);
			outputPaths = (
				"$(DERIVED_FILE_DIR)/Pods-WireCharacterViewer-checkManifestLockResult.txt",
			);
			runOnlyForDeploymentPostprocessing = 0;
			shellPath = /bin/sh;
			shellScript = "diff \"${PODS_PODFILE_DIR_PATH}/Podfile.lock\" \"${PODS_ROOT}/Manifest.lock\" > /dev/null\nif [ $? != 0 ] ; then\n    # print error to STDERR\n    echo \"error: The sandbox is not in sync with the Podfile.lock. Run 'pod install' or update your CocoaPods installation.\" >&2\n    exit 1\nfi\n# This output is used by Xcode 'outputs' to avoid re-running this script phase.\necho \"SUCCESS\" > \"${SCRIPT_OUTPUT_FILE_0}\"\n";
			showEnvVarsInLog = 0;
		};
		3B7AB6A4E0AEFBFFE99D3186 /* [CP] Check Pods Manifest.lock */ = {
			isa = PBXShellScriptBuildPhase;
			buildActionMask = 2147483647;
			files = (
			);
			inputFileListPaths = (
			);
			inputPaths = (
				"${PODS_PODFILE_DIR_PATH}/Podfile.lock",
				"${PODS_ROOT}/Manifest.lock",
			);
			name = "[CP] Check Pods Manifest.lock";
			outputFileListPaths = (
			);
			outputPaths = (
				"$(DERIVED_FILE_DIR)/Pods-SimpsonsCharacterViewerTests-checkManifestLockResult.txt",
			);
			runOnlyForDeploymentPostprocessing = 0;
			shellPath = /bin/sh;
			shellScript = "diff \"${PODS_PODFILE_DIR_PATH}/Podfile.lock\" \"${PODS_ROOT}/Manifest.lock\" > /dev/null\nif [ $? != 0 ] ; then\n    # print error to STDERR\n    echo \"error: The sandbox is not in sync with the Podfile.lock. Run 'pod install' or update your CocoaPods installation.\" >&2\n    exit 1\nfi\n# This output is used by Xcode 'outputs' to avoid re-running this script phase.\necho \"SUCCESS\" > \"${SCRIPT_OUTPUT_FILE_0}\"\n";
			showEnvVarsInLog = 0;
		};
		470BDC510C94D975033A5BFC /* [CP] Embed Pods Frameworks */ = {
			isa = PBXShellScriptBuildPhase;
			buildActionMask = 2147483647;
			files = (
			);
			inputFileListPaths = (
			);
			inputPaths = (
				"${SRCROOT}/Pods/Target Support Files/Pods-SimpsonsCharacterViewer/Pods-SimpsonsCharacterViewer-frameworks.sh",
				"${BUILT_PRODUCTS_DIR}/Alamofire/Alamofire.framework",
				"${BUILT_PRODUCTS_DIR}/SDWebImage/SDWebImage.framework",
			);
			name = "[CP] Embed Pods Frameworks";
			outputFileListPaths = (
			);
			outputPaths = (
				"${TARGET_BUILD_DIR}/${FRAMEWORKS_FOLDER_PATH}/Alamofire.framework",
				"${TARGET_BUILD_DIR}/${FRAMEWORKS_FOLDER_PATH}/SDWebImage.framework",
			);
			runOnlyForDeploymentPostprocessing = 0;
			shellPath = /bin/sh;
			shellScript = "\"${SRCROOT}/Pods/Target Support Files/Pods-SimpsonsCharacterViewer/Pods-SimpsonsCharacterViewer-frameworks.sh\"\n";
			showEnvVarsInLog = 0;
		};
		EB547D3D19DB61A836C57D25 /* [CP] Embed Pods Frameworks */ = {
			isa = PBXShellScriptBuildPhase;
			buildActionMask = 2147483647;
			files = (
			);
			inputFileListPaths = (
			);
			inputPaths = (
				"${SRCROOT}/Pods/Target Support Files/Pods-WireCharacterViewer/Pods-WireCharacterViewer-frameworks.sh",
				"${BUILT_PRODUCTS_DIR}/Alamofire/Alamofire.framework",
				"${BUILT_PRODUCTS_DIR}/SDWebImage/SDWebImage.framework",
			);
			name = "[CP] Embed Pods Frameworks";
			outputFileListPaths = (
			);
			outputPaths = (
				"${TARGET_BUILD_DIR}/${FRAMEWORKS_FOLDER_PATH}/Alamofire.framework",
				"${TARGET_BUILD_DIR}/${FRAMEWORKS_FOLDER_PATH}/SDWebImage.framework",
			);
			runOnlyForDeploymentPostprocessing = 0;
			shellPath = /bin/sh;
			shellScript = "\"${SRCROOT}/Pods/Target Support Files/Pods-WireCharacterViewer/Pods-WireCharacterViewer-frameworks.sh\"\n";
			showEnvVarsInLog = 0;
		};
		F762FACA654235D7FA3224BC /* [CP] Check Pods Manifest.lock */ = {
			isa = PBXShellScriptBuildPhase;
			buildActionMask = 2147483647;
			files = (
			);
			inputFileListPaths = (
			);
			inputPaths = (
				"${PODS_PODFILE_DIR_PATH}/Podfile.lock",
				"${PODS_ROOT}/Manifest.lock",
			);
			name = "[CP] Check Pods Manifest.lock";
			outputFileListPaths = (
			);
			outputPaths = (
				"$(DERIVED_FILE_DIR)/Pods-SimpsonsCharacterViewer-checkManifestLockResult.txt",
			);
			runOnlyForDeploymentPostprocessing = 0;
			shellPath = /bin/sh;
			shellScript = "diff \"${PODS_PODFILE_DIR_PATH}/Podfile.lock\" \"${PODS_ROOT}/Manifest.lock\" > /dev/null\nif [ $? != 0 ] ; then\n    # print error to STDERR\n    echo \"error: The sandbox is not in sync with the Podfile.lock. Run 'pod install' or update your CocoaPods installation.\" >&2\n    exit 1\nfi\n# This output is used by Xcode 'outputs' to avoid re-running this script phase.\necho \"SUCCESS\" > \"${SCRIPT_OUTPUT_FILE_0}\"\n";
			showEnvVarsInLog = 0;
		};
/* End PBXShellScriptBuildPhase section */

/* Begin PBXSourcesBuildPhase section */
		FC624174224F1CB3005B65EA /* Sources */ = {
			isa = PBXSourcesBuildPhase;
			buildActionMask = 2147483647;
			files = (
				FC86D3232251266600CD9E51 /* CollectionViewDataSourceHandler.swift in Sources */,
				FC6241BC224F227F005B65EA /* User.swift in Sources */,
				FC624180224F1CB3005B65EA /* DetailViewController.swift in Sources */,
				FC6241C0224F254E005B65EA /* UserViewModel.swift in Sources */,
				FC6241B4224F1F03005B65EA /* SimpsonsConfiguration.swift in Sources */,
				FC6241C2224F364F005B65EA /* UserCollectionViewCell.swift in Sources */,
				FC6241B1224F1DDE005B65EA /* APIHandler.swift in Sources */,
				FC86D321225124A100CD9E51 /* CollectionViewDelegateHandler.swift in Sources */,
				FC86D3312253BA3000CD9E51 /* Root.swift in Sources */,
				FC62417E224F1CB3005B65EA /* MasterViewController.swift in Sources */,
				FC62417C224F1CB3005B65EA /* AppDelegate.swift in Sources */,
			);
			runOnlyForDeploymentPostprocessing = 0;
		};
		FC62418A224F1CB6005B65EA /* Sources */ = {
			isa = PBXSourcesBuildPhase;
			buildActionMask = 2147483647;
			files = (
				FC624193224F1CB6005B65EA /* SimpsonsCharacterViewerTests.swift in Sources */,
			);
			runOnlyForDeploymentPostprocessing = 0;
		};
		FC624195224F1CB6005B65EA /* Sources */ = {
			isa = PBXSourcesBuildPhase;
			buildActionMask = 2147483647;
			files = (
				FC62419E224F1CB6005B65EA /* SimpsonsCharacterViewerUITests.swift in Sources */,
			);
			runOnlyForDeploymentPostprocessing = 0;
		};
		FC9EBFD9224FADBC005BFD29 /* Sources */ = {
			isa = PBXSourcesBuildPhase;
			buildActionMask = 2147483647;
			files = (
				FC9EBFDA224FADBC005BFD29 /* User.swift in Sources */,
				FC9EBFDB224FADBC005BFD29 /* DetailViewController.swift in Sources */,
				FC9EBFDC224FADBC005BFD29 /* UserViewModel.swift in Sources */,
				FC9EBFDD224FADBC005BFD29 /* WireConfiguration.swift in Sources */,
				FC86D3242251266600CD9E51 /* CollectionViewDataSourceHandler.swift in Sources */,
				FC86D3282251334100CD9E51 /* CollectionViewDelegateHandler.swift in Sources */,
				FC9EBFDF224FADBC005BFD29 /* UserCollectionViewCell.swift in Sources */,
				FC9EBFE0224FADBC005BFD29 /* APIHandler.swift in Sources */,
				FC9EBFE1224FADBC005BFD29 /* MasterViewController.swift in Sources */,
				FC9EBFE2224FADBC005BFD29 /* AppDelegate.swift in Sources */,
			);
			runOnlyForDeploymentPostprocessing = 0;
		};
/* End PBXSourcesBuildPhase section */

/* Begin PBXTargetDependency section */
		FC624190224F1CB6005B65EA /* PBXTargetDependency */ = {
			isa = PBXTargetDependency;
			target = FC624177224F1CB3005B65EA /* SimpsonsCharacterViewer */;
			targetProxy = FC62418F224F1CB6005B65EA /* PBXContainerItemProxy */;
		};
		FC62419B224F1CB6005B65EA /* PBXTargetDependency */ = {
			isa = PBXTargetDependency;
			target = FC624177224F1CB3005B65EA /* SimpsonsCharacterViewer */;
			targetProxy = FC62419A224F1CB6005B65EA /* PBXContainerItemProxy */;
		};
/* End PBXTargetDependency section */

/* Begin PBXVariantGroup section */
		FC624181224F1CB3005B65EA /* Main.storyboard */ = {
			isa = PBXVariantGroup;
			children = (
				FC624182224F1CB3005B65EA /* Base */,
			);
			name = Main.storyboard;
			sourceTree = "<group>";
		};
		FC624186224F1CB6005B65EA /* LaunchScreen.storyboard */ = {
			isa = PBXVariantGroup;
			children = (
				FC624187224F1CB6005B65EA /* Base */,
			);
			name = LaunchScreen.storyboard;
			sourceTree = "<group>";
		};
		FC9EBFF2225072CD005BFD29 /* LaunchScreen.storyboard */ = {
			isa = PBXVariantGroup;
			children = (
				FC9EBFF3225072CD005BFD29 /* Base */,
			);
			name = LaunchScreen.storyboard;
			sourceTree = "<group>";
		};
/* End PBXVariantGroup section */

/* Begin XCBuildConfiguration section */
		FC6241A0224F1CB6005B65EA /* Debug */ = {
			isa = XCBuildConfiguration;
			buildSettings = {
				ALWAYS_SEARCH_USER_PATHS = NO;
				CLANG_ANALYZER_NONNULL = YES;
				CLANG_ANALYZER_NUMBER_OBJECT_CONVERSION = YES_AGGRESSIVE;
				CLANG_CXX_LANGUAGE_STANDARD = "gnu++14";
				CLANG_CXX_LIBRARY = "libc++";
				CLANG_ENABLE_MODULES = YES;
				CLANG_ENABLE_OBJC_ARC = YES;
				CLANG_ENABLE_OBJC_WEAK = YES;
				CLANG_WARN_BLOCK_CAPTURE_AUTORELEASING = YES;
				CLANG_WARN_BOOL_CONVERSION = YES;
				CLANG_WARN_COMMA = YES;
				CLANG_WARN_CONSTANT_CONVERSION = YES;
				CLANG_WARN_DEPRECATED_OBJC_IMPLEMENTATIONS = YES;
				CLANG_WARN_DIRECT_OBJC_ISA_USAGE = YES_ERROR;
				CLANG_WARN_DOCUMENTATION_COMMENTS = YES;
				CLANG_WARN_EMPTY_BODY = YES;
				CLANG_WARN_ENUM_CONVERSION = YES;
				CLANG_WARN_INFINITE_RECURSION = YES;
				CLANG_WARN_INT_CONVERSION = YES;
				CLANG_WARN_NON_LITERAL_NULL_CONVERSION = YES;
				CLANG_WARN_OBJC_IMPLICIT_RETAIN_SELF = YES;
				CLANG_WARN_OBJC_LITERAL_CONVERSION = YES;
				CLANG_WARN_OBJC_ROOT_CLASS = YES_ERROR;
				CLANG_WARN_RANGE_LOOP_ANALYSIS = YES;
				CLANG_WARN_STRICT_PROTOTYPES = YES;
				CLANG_WARN_SUSPICIOUS_MOVE = YES;
				CLANG_WARN_UNGUARDED_AVAILABILITY = YES_AGGRESSIVE;
				CLANG_WARN_UNREACHABLE_CODE = YES;
				CLANG_WARN__DUPLICATE_METHOD_MATCH = YES;
				CODE_SIGN_IDENTITY = "iPhone Developer";
				COPY_PHASE_STRIP = NO;
				DEBUG_INFORMATION_FORMAT = dwarf;
				ENABLE_STRICT_OBJC_MSGSEND = YES;
				ENABLE_TESTABILITY = YES;
				GCC_C_LANGUAGE_STANDARD = gnu11;
				GCC_DYNAMIC_NO_PIC = NO;
				GCC_NO_COMMON_BLOCKS = YES;
				GCC_OPTIMIZATION_LEVEL = 0;
				GCC_PREPROCESSOR_DEFINITIONS = (
					"DEBUG=1",
					"$(inherited)",
				);
				GCC_WARN_64_TO_32_BIT_CONVERSION = YES;
				GCC_WARN_ABOUT_RETURN_TYPE = YES_ERROR;
				GCC_WARN_UNDECLARED_SELECTOR = YES;
				GCC_WARN_UNINITIALIZED_AUTOS = YES_AGGRESSIVE;
				GCC_WARN_UNUSED_FUNCTION = YES;
				GCC_WARN_UNUSED_VARIABLE = YES;
				IPHONEOS_DEPLOYMENT_TARGET = 10.0;
				MTL_ENABLE_DEBUG_INFO = INCLUDE_SOURCE;
				MTL_FAST_MATH = YES;
				ONLY_ACTIVE_ARCH = YES;
				SDKROOT = iphoneos;
				SWIFT_ACTIVE_COMPILATION_CONDITIONS = DEBUG;
				SWIFT_OPTIMIZATION_LEVEL = "-Onone";
			};
			name = Debug;
		};
		FC6241A1224F1CB6005B65EA /* Release */ = {
			isa = XCBuildConfiguration;
			buildSettings = {
				ALWAYS_SEARCH_USER_PATHS = NO;
				CLANG_ANALYZER_NONNULL = YES;
				CLANG_ANALYZER_NUMBER_OBJECT_CONVERSION = YES_AGGRESSIVE;
				CLANG_CXX_LANGUAGE_STANDARD = "gnu++14";
				CLANG_CXX_LIBRARY = "libc++";
				CLANG_ENABLE_MODULES = YES;
				CLANG_ENABLE_OBJC_ARC = YES;
				CLANG_ENABLE_OBJC_WEAK = YES;
				CLANG_WARN_BLOCK_CAPTURE_AUTORELEASING = YES;
				CLANG_WARN_BOOL_CONVERSION = YES;
				CLANG_WARN_COMMA = YES;
				CLANG_WARN_CONSTANT_CONVERSION = YES;
				CLANG_WARN_DEPRECATED_OBJC_IMPLEMENTATIONS = YES;
				CLANG_WARN_DIRECT_OBJC_ISA_USAGE = YES_ERROR;
				CLANG_WARN_DOCUMENTATION_COMMENTS = YES;
				CLANG_WARN_EMPTY_BODY = YES;
				CLANG_WARN_ENUM_CONVERSION = YES;
				CLANG_WARN_INFINITE_RECURSION = YES;
				CLANG_WARN_INT_CONVERSION = YES;
				CLANG_WARN_NON_LITERAL_NULL_CONVERSION = YES;
				CLANG_WARN_OBJC_IMPLICIT_RETAIN_SELF = YES;
				CLANG_WARN_OBJC_LITERAL_CONVERSION = YES;
				CLANG_WARN_OBJC_ROOT_CLASS = YES_ERROR;
				CLANG_WARN_RANGE_LOOP_ANALYSIS = YES;
				CLANG_WARN_STRICT_PROTOTYPES = YES;
				CLANG_WARN_SUSPICIOUS_MOVE = YES;
				CLANG_WARN_UNGUARDED_AVAILABILITY = YES_AGGRESSIVE;
				CLANG_WARN_UNREACHABLE_CODE = YES;
				CLANG_WARN__DUPLICATE_METHOD_MATCH = YES;
				CODE_SIGN_IDENTITY = "iPhone Developer";
				COPY_PHASE_STRIP = NO;
				DEBUG_INFORMATION_FORMAT = "dwarf-with-dsym";
				ENABLE_NS_ASSERTIONS = NO;
				ENABLE_STRICT_OBJC_MSGSEND = YES;
				GCC_C_LANGUAGE_STANDARD = gnu11;
				GCC_NO_COMMON_BLOCKS = YES;
				GCC_WARN_64_TO_32_BIT_CONVERSION = YES;
				GCC_WARN_ABOUT_RETURN_TYPE = YES_ERROR;
				GCC_WARN_UNDECLARED_SELECTOR = YES;
				GCC_WARN_UNINITIALIZED_AUTOS = YES_AGGRESSIVE;
				GCC_WARN_UNUSED_FUNCTION = YES;
				GCC_WARN_UNUSED_VARIABLE = YES;
				IPHONEOS_DEPLOYMENT_TARGET = 10.0;
				MTL_ENABLE_DEBUG_INFO = NO;
				MTL_FAST_MATH = YES;
				SDKROOT = iphoneos;
				SWIFT_COMPILATION_MODE = wholemodule;
				SWIFT_OPTIMIZATION_LEVEL = "-O";
				VALIDATE_PRODUCT = YES;
			};
			name = Release;
		};
		FC6241A3224F1CB6005B65EA /* Debug */ = {
			isa = XCBuildConfiguration;
			baseConfigurationReference = D05FFA748729A74043EA46E9 /* Pods-SimpsonsCharacterViewer.debug.xcconfig */;
			buildSettings = {
				ASSETCATALOG_COMPILER_APPICON_NAME = AppIcon;
				CODE_SIGN_STYLE = Automatic;
				INFOPLIST_FILE = "$(SRCROOT)/SimpsonsCharacterViewer/SupportingFiles/SimpsonsCharacterViewer-Info.plist";
				LD_RUNPATH_SEARCH_PATHS = (
					"$(inherited)",
					"@executable_path/Frameworks",
				);
				PRODUCT_BUNDLE_IDENTIFIER = com.DyCom.io.SimpsonsCharacterViewer;
				PRODUCT_NAME = "$(TARGET_NAME)";
				SWIFT_VERSION = 4.2;
				TARGETED_DEVICE_FAMILY = "1,2";
			};
			name = Debug;
		};
		FC6241A4224F1CB6005B65EA /* Release */ = {
			isa = XCBuildConfiguration;
			baseConfigurationReference = 7E9CAFE3DE779DE1BC62B092 /* Pods-SimpsonsCharacterViewer.release.xcconfig */;
			buildSettings = {
				ASSETCATALOG_COMPILER_APPICON_NAME = AppIcon;
				CODE_SIGN_STYLE = Automatic;
				INFOPLIST_FILE = "$(SRCROOT)/SimpsonsCharacterViewer/SupportingFiles/SimpsonsCharacterViewer-Info.plist";
				LD_RUNPATH_SEARCH_PATHS = (
					"$(inherited)",
					"@executable_path/Frameworks",
				);
				PRODUCT_BUNDLE_IDENTIFIER = com.DyCom.io.SimpsonsCharacterViewer;
				PRODUCT_NAME = "$(TARGET_NAME)";
				SWIFT_VERSION = 4.2;
				TARGETED_DEVICE_FAMILY = "1,2";
			};
			name = Release;
		};
		FC6241A6224F1CB6005B65EA /* Debug */ = {
			isa = XCBuildConfiguration;
			baseConfigurationReference = 44EFC01552AC4287F27A1700 /* Pods-SimpsonsCharacterViewerTests.debug.xcconfig */;
			buildSettings = {
				ALWAYS_EMBED_SWIFT_STANDARD_LIBRARIES = YES;
				BUNDLE_LOADER = "$(TEST_HOST)";
				CODE_SIGN_STYLE = Automatic;
				INFOPLIST_FILE = SimpsonsCharacterViewerTests/Info.plist;
				LD_RUNPATH_SEARCH_PATHS = (
					"$(inherited)",
					"@executable_path/Frameworks",
					"@loader_path/Frameworks",
				);
				PRODUCT_BUNDLE_IDENTIFIER = com.DyCom.io.SimpsonsCharacterViewerTests;
				PRODUCT_NAME = "$(TARGET_NAME)";
				SWIFT_VERSION = 4.2;
				TARGETED_DEVICE_FAMILY = "1,2";
				TEST_HOST = "$(BUILT_PRODUCTS_DIR)/SimpsonsCharacterViewer.app/SimpsonsCharacterViewer";
			};
			name = Debug;
		};
		FC6241A7224F1CB6005B65EA /* Release */ = {
			isa = XCBuildConfiguration;
			baseConfigurationReference = AC1F425A5D96F1F3A53E961E /* Pods-SimpsonsCharacterViewerTests.release.xcconfig */;
			buildSettings = {
				ALWAYS_EMBED_SWIFT_STANDARD_LIBRARIES = YES;
				BUNDLE_LOADER = "$(TEST_HOST)";
				CODE_SIGN_STYLE = Automatic;
				INFOPLIST_FILE = SimpsonsCharacterViewerTests/Info.plist;
				LD_RUNPATH_SEARCH_PATHS = (
					"$(inherited)",
					"@executable_path/Frameworks",
					"@loader_path/Frameworks",
				);
				PRODUCT_BUNDLE_IDENTIFIER = com.DyCom.io.SimpsonsCharacterViewerTests;
				PRODUCT_NAME = "$(TARGET_NAME)";
				SWIFT_VERSION = 4.2;
				TARGETED_DEVICE_FAMILY = "1,2";
				TEST_HOST = "$(BUILT_PRODUCTS_DIR)/SimpsonsCharacterViewer.app/SimpsonsCharacterViewer";
			};
			name = Release;
		};
		FC6241A9224F1CB6005B65EA /* Debug */ = {
			isa = XCBuildConfiguration;
			baseConfigurationReference = 4C58B4CF69960DA74B7F7950 /* Pods-SimpsonsCharacterViewerUITests.debug.xcconfig */;
			buildSettings = {
				ALWAYS_EMBED_SWIFT_STANDARD_LIBRARIES = YES;
				CODE_SIGN_STYLE = Automatic;
				INFOPLIST_FILE = SimpsonsCharacterViewerUITests/Info.plist;
				LD_RUNPATH_SEARCH_PATHS = (
					"$(inherited)",
					"@executable_path/Frameworks",
					"@loader_path/Frameworks",
				);
				PRODUCT_BUNDLE_IDENTIFIER = com.DyCom.io.SimpsonsCharacterViewerUITests;
				PRODUCT_NAME = "$(TARGET_NAME)";
				SWIFT_VERSION = 4.2;
				TARGETED_DEVICE_FAMILY = "1,2";
				TEST_TARGET_NAME = SimpsonsCharacterViewer;
			};
			name = Debug;
		};
		FC6241AA224F1CB6005B65EA /* Release */ = {
			isa = XCBuildConfiguration;
			baseConfigurationReference = B186F8E27A20F9DFEFAB1160 /* Pods-SimpsonsCharacterViewerUITests.release.xcconfig */;
			buildSettings = {
				ALWAYS_EMBED_SWIFT_STANDARD_LIBRARIES = YES;
				CODE_SIGN_STYLE = Automatic;
				INFOPLIST_FILE = SimpsonsCharacterViewerUITests/Info.plist;
				LD_RUNPATH_SEARCH_PATHS = (
					"$(inherited)",
					"@executable_path/Frameworks",
					"@loader_path/Frameworks",
				);
				PRODUCT_BUNDLE_IDENTIFIER = com.DyCom.io.SimpsonsCharacterViewerUITests;
				PRODUCT_NAME = "$(TARGET_NAME)";
				SWIFT_VERSION = 4.2;
				TARGETED_DEVICE_FAMILY = "1,2";
				TEST_TARGET_NAME = SimpsonsCharacterViewer;
			};
			name = Release;
		};
		FC9EBFEC224FADBC005BFD29 /* Debug */ = {
			isa = XCBuildConfiguration;
			baseConfigurationReference = 04F5AB460895A3CE2A767A82 /* Pods-WireCharacterViewer.debug.xcconfig */;
			buildSettings = {
				ASSETCATALOG_COMPILER_APPICON_NAME = AppIcon;
				CODE_SIGN_STYLE = Automatic;
				INFOPLIST_FILE = "$(SRCROOT)/SimpsonsCharacterViewer/SupportingFiles/WireCharacterViewer-Info.plist";
				LD_RUNPATH_SEARCH_PATHS = (
					"$(inherited)",
					"@executable_path/Frameworks",
				);
				PRODUCT_BUNDLE_IDENTIFIER = com.sample.wireviewer;
				PRODUCT_NAME = "$(TARGET_NAME)";
				SWIFT_VERSION = 4.2;
				TARGETED_DEVICE_FAMILY = "1,2";
			};
			name = Debug;
		};
		FC9EBFED224FADBC005BFD29 /* Release */ = {
			isa = XCBuildConfiguration;
			baseConfigurationReference = BDE17B81CD451B563BA44EF4 /* Pods-WireCharacterViewer.release.xcconfig */;
			buildSettings = {
				ASSETCATALOG_COMPILER_APPICON_NAME = AppIcon;
				CODE_SIGN_STYLE = Automatic;
				INFOPLIST_FILE = "$(SRCROOT)/SimpsonsCharacterViewer/SupportingFiles/WireCharacterViewer-Info.plist";
				LD_RUNPATH_SEARCH_PATHS = (
					"$(inherited)",
					"@executable_path/Frameworks",
				);
				PRODUCT_BUNDLE_IDENTIFIER = com.sample.wireviewer;
				PRODUCT_NAME = "$(TARGET_NAME)";
				SWIFT_VERSION = 4.2;
				TARGETED_DEVICE_FAMILY = "1,2";
			};
			name = Release;
		};
/* End XCBuildConfiguration section */

/* Begin XCConfigurationList section */
		FC624173224F1CB3005B65EA /* Build configuration list for PBXProject "SimpsonsCharacterViewer" */ = {
			isa = XCConfigurationList;
			buildConfigurations = (
				FC6241A0224F1CB6005B65EA /* Debug */,
				FC6241A1224F1CB6005B65EA /* Release */,
			);
			defaultConfigurationIsVisible = 0;
			defaultConfigurationName = Release;
		};
		FC6241A2224F1CB6005B65EA /* Build configuration list for PBXNativeTarget "SimpsonsCharacterViewer" */ = {
			isa = XCConfigurationList;
			buildConfigurations = (
				FC6241A3224F1CB6005B65EA /* Debug */,
				FC6241A4224F1CB6005B65EA /* Release */,
			);
			defaultConfigurationIsVisible = 0;
			defaultConfigurationName = Release;
		};
		FC6241A5224F1CB6005B65EA /* Build configuration list for PBXNativeTarget "SimpsonsCharacterViewerTests" */ = {
			isa = XCConfigurationList;
			buildConfigurations = (
				FC6241A6224F1CB6005B65EA /* Debug */,
				FC6241A7224F1CB6005B65EA /* Release */,
			);
			defaultConfigurationIsVisible = 0;
			defaultConfigurationName = Release;
		};
		FC6241A8224F1CB6005B65EA /* Build configuration list for PBXNativeTarget "SimpsonsCharacterViewerUITests" */ = {
			isa = XCConfigurationList;
			buildConfigurations = (
				FC6241A9224F1CB6005B65EA /* Debug */,
				FC6241AA224F1CB6005B65EA /* Release */,
			);
			defaultConfigurationIsVisible = 0;
			defaultConfigurationName = Release;
		};
		FC9EBFEB224FADBC005BFD29 /* Build configuration list for PBXNativeTarget "WireCharacterViewer" */ = {
			isa = XCConfigurationList;
			buildConfigurations = (
				FC9EBFEC224FADBC005BFD29 /* Debug */,
				FC9EBFED224FADBC005BFD29 /* Release */,
			);
			defaultConfigurationIsVisible = 0;
			defaultConfigurationName = Release;
		};
/* End XCConfigurationList section */
	};
	rootObject = FC624170224F1CB3005B65EA /* Project object */;
}
